{
	"name": "scottspence.com",
	"version": "0.0.1",
	"lockfileVersion": 1,
	"requires": true,
	"dependencies": {
		"@sveltejs/adapter-vercel": {
			"version": "1.0.0-next.34",
			"resolved": "https://registry.npmjs.org/@sveltejs/adapter-vercel/-/adapter-vercel-1.0.0-next.34.tgz",
			"integrity": "sha512-TQDQK2wjDQkoSkNVuFVu4a/hzqKIWCGL15Zi7zQv740ZSd6F2Lg9QHlFfEXMglu6mhoep084h6JiLtzavNiZeA==",
			"dev": true,
			"requires": {
				"esbuild": "^0.13.15"
			}
		},
		"@types/cheerio": {
			"version": "0.22.30",
			"dev": true,
			"requires": {
				"@types/node": "*"
			}
		},
		"@types/hast": {
			"version": "2.3.4",
			"dev": true,
			"requires": {
				"@types/unist": "*"
			}
		},
		"@types/mdast": {
			"version": "3.0.10",
			"dev": true,
			"requires": {
				"@types/unist": "*"
			}
		},
		"@types/mdurl": {
			"version": "1.0.2",
			"dev": true
		},
		"@types/node": {
			"version": "17.0.5",
			"dev": true
		},
		"@types/unist": {
			"version": "2.0.6",
			"dev": true
		},
		"asynckit": {
			"version": "0.4.0",
			"resolved": "https://registry.npmjs.org/asynckit/-/asynckit-0.4.0.tgz",
			"integrity": "sha1-x57Zf380y48robyXkLzDZkdLS3k=",
			"dev": true
		},
		"autoprefixer": {
			"version": "10.4.0",
			"dev": true,
			"requires": {
				"browserslist": "^4.17.5",
				"caniuse-lite": "^1.0.30001272",
				"fraction.js": "^4.1.1",
				"normalize-range": "^0.1.2",
				"picocolors": "^1.0.0",
				"postcss-value-parser": "^4.1.0"
			}
		},
		"bail": {
			"version": "2.0.2",
			"resolved": "https://registry.npmjs.org/bail/-/bail-2.0.2.tgz",
			"integrity": "sha512-0xO6mYd7JB2YesxDKplafRpsiOzPt9V02ddPCLbY1xYGPOX24NTyN50qnUxgCPcSoYMhKpAuBTjQoRZCAkUDRw==",
			"dev": true
		},
		"boolbase": {
			"version": "1.0.0",
			"resolved": "https://registry.npmjs.org/boolbase/-/boolbase-1.0.0.tgz",
			"integrity": "sha1-aN/1++YMUes3cl6p4+0xDcwed24=",
			"dev": true
		},
		"browserslist": {
			"version": "4.19.1",
			"resolved": "https://registry.npmjs.org/browserslist/-/browserslist-4.19.1.tgz",
			"integrity": "sha512-u2tbbG5PdKRTUoctO3NBD8FQ5HdPh1ZXPHzp1rwaa5jTc+RV9/+RlWiAIKmjRPQF+xbGM9Kklj5bZQFa2s/38A==",
			"dev": true,
			"requires": {
				"caniuse-lite": "^1.0.30001286",
				"electron-to-chromium": "^1.4.17",
				"escalade": "^3.1.1",
				"node-releases": "^2.0.1",
				"picocolors": "^1.0.0"
			}
		},
		"caniuse-lite": {
			"version": "1.0.30001294",
			"resolved": "https://registry.npmjs.org/caniuse-lite/-/caniuse-lite-1.0.30001294.tgz",
			"integrity": "sha512-LiMlrs1nSKZ8qkNhpUf5KD0Al1KCBE3zaT7OLOwEkagXMEDij98SiOovn9wxVGQpklk9vVC/pUSqgYmkmKOS8g==",
			"dev": true
		},
		"ccount": {
			"version": "2.0.1",
			"resolved": "https://registry.npmjs.org/ccount/-/ccount-2.0.1.tgz",
			"integrity": "sha512-eyrF0jiFpY+3drT6383f1qhkbGsLSifNAjA61IUjZjmLCWjItY6LB9ft9YhoDgwfmclB2zhu51Lc7+95b8NRAg==",
			"dev": true
		},
		"character-entities-html4": {
			"version": "2.1.0",
			"resolved": "https://registry.npmjs.org/character-entities-html4/-/character-entities-html4-2.1.0.tgz",
			"integrity": "sha512-1v7fgQRj6hnSwFpq1Eu0ynr/CDEw0rXo2B61qXrLNdHZmPKgb7fqS1a2JwF0rISo9q77jDI8VMEHoApn8qDoZA==",
			"dev": true
		},
		"character-entities-legacy": {
			"version": "3.0.0",
			"resolved": "https://registry.npmjs.org/character-entities-legacy/-/character-entities-legacy-3.0.0.tgz",
			"integrity": "sha512-RpPp0asT/6ufRm//AJVwpViZbGM/MkjQFxJccQRHmISF/22NBtsHqAWmL+/pmkPWoIUJdWyeVleTl1wydHATVQ==",
			"dev": true
		},
		"cheerio": {
			"version": "0.22.0",
			"resolved": "https://registry.npmjs.org/cheerio/-/cheerio-0.22.0.tgz",
			"integrity": "sha1-qbqoYKP5tZWmuBsahocxIe06Jp4=",
			"dev": true,
			"requires": {
				"css-select": "~1.2.0",
				"dom-serializer": "~0.1.0",
				"entities": "~1.1.1",
				"htmlparser2": "^3.9.1",
				"lodash.assignin": "^4.0.9",
				"lodash.bind": "^4.1.4",
				"lodash.defaults": "^4.0.1",
				"lodash.filter": "^4.4.0",
				"lodash.flatten": "^4.2.0",
				"lodash.foreach": "^4.3.0",
				"lodash.map": "^4.4.0",
				"lodash.merge": "^4.4.0",
				"lodash.pick": "^4.2.1",
				"lodash.reduce": "^4.4.0",
				"lodash.reject": "^4.4.0",
				"lodash.some": "^4.4.0"
			},
			"dependencies": {
				"css-select": {
					"version": "1.2.0",
					"resolved": "https://registry.npmjs.org/css-select/-/css-select-1.2.0.tgz",
					"integrity": "sha1-KzoRBTnFNV8c2NMUYj6HCxIeyFg=",
					"dev": true,
					"requires": {
						"boolbase": "~1.0.0",
						"css-what": "2.1",
						"domutils": "1.5.1",
						"nth-check": "~1.0.1"
					}
				},
				"css-what": {
					"version": "2.1.3",
					"resolved": "https://registry.npmjs.org/css-what/-/css-what-2.1.3.tgz",
					"integrity": "sha512-a+EPoD+uZiNfh+5fxw2nO9QwFa6nJe2Or35fGY6Ipw1R3R4AGz1d1TEZrCegvw2YTmZ0jXirGYlzxxpYSHwpEg==",
					"dev": true
				},
				"dom-serializer": {
					"version": "0.1.1",
					"resolved": "https://registry.npmjs.org/dom-serializer/-/dom-serializer-0.1.1.tgz",
					"integrity": "sha512-l0IU0pPzLWSHBcieZbpOKgkIn3ts3vAh7ZuFyXNwJxJXk/c4Gwj9xaTJwIDVQCXawWD0qb3IzMGH5rglQaO0XA==",
					"dev": true,
					"requires": {
						"domelementtype": "^1.3.0",
						"entities": "^1.1.1"
					}
				},
				"domelementtype": {
					"version": "1.3.1",
					"resolved": "https://registry.npmjs.org/domelementtype/-/domelementtype-1.3.1.tgz",
					"integrity": "sha512-BSKB+TSpMpFI/HOxCNr1O8aMOTZ8hT3pM3GQ0w/mWRmkhEDSFJkkyzz4XQsBV44BChwGkrDfMyjVD0eA2aFV3w==",
					"dev": true
				},
				"domutils": {
					"version": "1.5.1",
					"resolved": "https://registry.npmjs.org/domutils/-/domutils-1.5.1.tgz",
					"integrity": "sha1-3NhIiib1Y9YQeeSMn3t+Mjc2gs8=",
					"dev": true,
					"requires": {
						"dom-serializer": "0",
						"domelementtype": "1"
					}
				},
				"entities": {
					"version": "1.1.2",
					"resolved": "https://registry.npmjs.org/entities/-/entities-1.1.2.tgz",
					"integrity": "sha512-f2LZMYl1Fzu7YSBKg+RoROelpOaNrcGmE9AZubeDfrCEia483oW4MI4VyFd5VNHIgQ/7qm1I0wUHK1eJnn2y2w==",
					"dev": true
				},
				"nth-check": {
					"version": "1.0.2",
					"resolved": "https://registry.npmjs.org/nth-check/-/nth-check-1.0.2.tgz",
					"integrity": "sha512-WeBOdju8SnzPN5vTUJYxYUxLeXpCaVP5i5e0LF8fg7WORF2Wd7wFX/pk0tYZk7s8T+J7VLy0Da6J1+wCT0AtHg==",
					"dev": true,
					"requires": {
						"boolbase": "~1.0.0"
					}
				}
			}
		},
		"combined-stream": {
			"version": "1.0.8",
			"resolved": "https://registry.npmjs.org/combined-stream/-/combined-stream-1.0.8.tgz",
			"integrity": "sha512-FQN4MRfuJeHf7cBbBMJFXhKSDq+2kAArBlmRBvcvFE5BB1HZKXtSFASDhdlz9zOYwxh8lDdnvmMOe/+5cdoEdg==",
			"dev": true,
			"requires": {
				"delayed-stream": "~1.0.0"
			}
		},
		"comma-separated-tokens": {
			"version": "2.0.2",
			"resolved": "https://registry.npmjs.org/comma-separated-tokens/-/comma-separated-tokens-2.0.2.tgz",
			"integrity": "sha512-G5yTt3KQN4Yn7Yk4ed73hlZ1evrFKXeUW3086p3PRFNp7m2vIjI6Pg+Kgb+oyzhd9F2qdcoj67+y3SdxL5XWsg==",
			"dev": true
		},
		"cross-fetch": {
			"version": "3.1.4",
			"resolved": "https://registry.npmjs.org/cross-fetch/-/cross-fetch-3.1.4.tgz",
			"integrity": "sha512-1eAtFWdIubi6T4XPy6ei9iUFoKpUkIF971QLN8lIvvvwueI65+Nw5haMNKUwfJxabqlIIDODJKGrQ66gxC0PbQ==",
			"dev": true,
			"requires": {
				"node-fetch": "2.6.1"
			}
		},
		"cross-spawn": {
			"version": "7.0.3",
			"resolved": "https://registry.npmjs.org/cross-spawn/-/cross-spawn-7.0.3.tgz",
			"integrity": "sha512-iRDPJKUPVEND7dHPO8rkbOnPpyDygcDFtWjpeWNCgy8WP2rXcxXL8TskReQl6OrB2G7+UJrags1q15Fudc7G6w==",
			"dev": true,
			"requires": {
				"path-key": "^3.1.0",
				"shebang-command": "^2.0.0",
				"which": "^2.0.1"
			}
		},
		"date-fns": {
			"version": "2.27.0",
			"dev": true
		},
		"delayed-stream": {
			"version": "1.0.0",
			"resolved": "https://registry.npmjs.org/delayed-stream/-/delayed-stream-1.0.0.tgz",
			"integrity": "sha1-3zrhmayt+31ECqrgsp4icrJOxhk=",
			"dev": true
		},
		"electron-to-chromium": {
			"version": "1.4.31",
			"resolved": "https://registry.npmjs.org/electron-to-chromium/-/electron-to-chromium-1.4.31.tgz",
			"integrity": "sha512-t3XVQtk+Frkv6aTD4RRk0OqosU+VLe1dQFW83MDer78ZD6a52frgXuYOIsLYTQiH2Lm+JB2OKYcn7zrX+YGAiQ==",
			"dev": true
		},
		"env-cmd": {
			"version": "10.1.0",
			"dev": true,
			"requires": {
				"commander": "^4.0.0",
				"cross-spawn": "^7.0.0"
			},
			"dependencies": {
				"commander": {
					"version": "4.1.1",
					"resolved": "https://registry.npmjs.org/commander/-/commander-4.1.1.tgz",
					"integrity": "sha512-NOKm8xhkzAjzFx8B2v5OAHT+u5pRQc2UCa2Vq9jYL/31o2wi9mxBA7LIFs3sV5VSC49z6pEhfbMULvShKj26WA==",
					"dev": true
				}
			}
		},
		"esbuild": {
			"version": "0.13.15",
			"resolved": "https://registry.npmjs.org/esbuild/-/esbuild-0.13.15.tgz",
			"integrity": "sha512-raCxt02HBKv8RJxE8vkTSCXGIyKHdEdGfUmiYb8wnabnaEmHzyW7DCHb5tEN0xU8ryqg5xw54mcwnYkC4x3AIw==",
			"dev": true,
			"requires": {
				"esbuild-android-arm64": "0.13.15",
				"esbuild-darwin-64": "0.13.15",
				"esbuild-darwin-arm64": "0.13.15",
				"esbuild-freebsd-64": "0.13.15",
				"esbuild-freebsd-arm64": "0.13.15",
				"esbuild-linux-32": "0.13.15",
				"esbuild-linux-64": "0.13.15",
				"esbuild-linux-arm": "0.13.15",
				"esbuild-linux-arm64": "0.13.15",
				"esbuild-linux-mips64le": "0.13.15",
				"esbuild-linux-ppc64le": "0.13.15",
				"esbuild-netbsd-64": "0.13.15",
				"esbuild-openbsd-64": "0.13.15",
				"esbuild-sunos-64": "0.13.15",
				"esbuild-windows-32": "0.13.15",
				"esbuild-windows-64": "0.13.15",
				"esbuild-windows-arm64": "0.13.15"
			}
		},
		"esbuild-android-arm64": {
			"version": "0.13.15",
			"resolved": "https://registry.npmjs.org/esbuild-android-arm64/-/esbuild-android-arm64-0.13.15.tgz",
			"integrity": "sha512-m602nft/XXeO8YQPUDVoHfjyRVPdPgjyyXOxZ44MK/agewFFkPa8tUo6lAzSWh5Ui5PB4KR9UIFTSBKh/RrCmg==",
			"dev": true,
			"optional": true
		},
		"esbuild-darwin-64": {
			"version": "0.13.15",
			"resolved": "https://registry.npmjs.org/esbuild-darwin-64/-/esbuild-darwin-64-0.13.15.tgz",
			"integrity": "sha512-ihOQRGs2yyp7t5bArCwnvn2Atr6X4axqPpEdCFPVp7iUj4cVSdisgvEKdNR7yH3JDjW6aQDw40iQFoTqejqxvQ==",
			"dev": true,
			"optional": true
		},
		"esbuild-darwin-arm64": {
			"version": "0.13.15",
			"resolved": "https://registry.npmjs.org/esbuild-darwin-arm64/-/esbuild-darwin-arm64-0.13.15.tgz",
			"integrity": "sha512-i1FZssTVxUqNlJ6cBTj5YQj4imWy3m49RZRnHhLpefFIh0To05ow9DTrXROTE1urGTQCloFUXTX8QfGJy1P8dQ==",
			"dev": true,
			"optional": true
		},
		"esbuild-freebsd-64": {
			"version": "0.13.15",
			"resolved": "https://registry.npmjs.org/esbuild-freebsd-64/-/esbuild-freebsd-64-0.13.15.tgz",
			"integrity": "sha512-G3dLBXUI6lC6Z09/x+WtXBXbOYQZ0E8TDBqvn7aMaOCzryJs8LyVXKY4CPnHFXZAbSwkCbqiPuSQ1+HhrNk7EA==",
			"dev": true,
			"optional": true
		},
		"esbuild-freebsd-arm64": {
			"version": "0.13.15",
			"resolved": "https://registry.npmjs.org/esbuild-freebsd-arm64/-/esbuild-freebsd-arm64-0.13.15.tgz",
			"integrity": "sha512-KJx0fzEDf1uhNOZQStV4ujg30WlnwqUASaGSFPhznLM/bbheu9HhqZ6mJJZM32lkyfGJikw0jg7v3S0oAvtvQQ==",
			"dev": true,
			"optional": true
		},
		"esbuild-linux-32": {
			"version": "0.13.15",
			"resolved": "https://registry.npmjs.org/esbuild-linux-32/-/esbuild-linux-32-0.13.15.tgz",
			"integrity": "sha512-ZvTBPk0YWCLMCXiFmD5EUtB30zIPvC5Itxz0mdTu/xZBbbHJftQgLWY49wEPSn2T/TxahYCRDWun5smRa0Tu+g==",
			"dev": true,
			"optional": true
		},
		"esbuild-linux-64": {
			"version": "0.13.15",
			"resolved": "https://registry.npmjs.org/esbuild-linux-64/-/esbuild-linux-64-0.13.15.tgz",
			"integrity": "sha512-eCKzkNSLywNeQTRBxJRQ0jxRCl2YWdMB3+PkWFo2BBQYC5mISLIVIjThNtn6HUNqua1pnvgP5xX0nHbZbPj5oA==",
			"dev": true,
			"optional": true
		},
		"esbuild-linux-arm": {
			"version": "0.13.15",
			"resolved": "https://registry.npmjs.org/esbuild-linux-arm/-/esbuild-linux-arm-0.13.15.tgz",
			"integrity": "sha512-wUHttDi/ol0tD8ZgUMDH8Ef7IbDX+/UsWJOXaAyTdkT7Yy9ZBqPg8bgB/Dn3CZ9SBpNieozrPRHm0BGww7W/jA==",
			"dev": true,
			"optional": true
		},
		"esbuild-linux-arm64": {
			"version": "0.13.15",
			"resolved": "https://registry.npmjs.org/esbuild-linux-arm64/-/esbuild-linux-arm64-0.13.15.tgz",
			"integrity": "sha512-bYpuUlN6qYU9slzr/ltyLTR9YTBS7qUDymO8SV7kjeNext61OdmqFAzuVZom+OLW1HPHseBfJ/JfdSlx8oTUoA==",
			"dev": true,
			"optional": true
		},
		"esbuild-linux-mips64le": {
			"version": "0.13.15",
			"resolved": "https://registry.npmjs.org/esbuild-linux-mips64le/-/esbuild-linux-mips64le-0.13.15.tgz",
			"integrity": "sha512-KlVjIG828uFPyJkO/8gKwy9RbXhCEUeFsCGOJBepUlpa7G8/SeZgncUEz/tOOUJTcWMTmFMtdd3GElGyAtbSWg==",
			"dev": true,
			"optional": true
		},
		"esbuild-linux-ppc64le": {
			"version": "0.13.15",
			"resolved": "https://registry.npmjs.org/esbuild-linux-ppc64le/-/esbuild-linux-ppc64le-0.13.15.tgz",
			"integrity": "sha512-h6gYF+OsaqEuBjeesTBtUPw0bmiDu7eAeuc2OEH9S6mV9/jPhPdhOWzdeshb0BskRZxPhxPOjqZ+/OqLcxQwEQ==",
			"dev": true,
			"optional": true
		},
		"esbuild-netbsd-64": {
			"version": "0.13.15",
			"resolved": "https://registry.npmjs.org/esbuild-netbsd-64/-/esbuild-netbsd-64-0.13.15.tgz",
			"integrity": "sha512-3+yE9emwoevLMyvu+iR3rsa+Xwhie7ZEHMGDQ6dkqP/ndFzRHkobHUKTe+NCApSqG5ce2z4rFu+NX/UHnxlh3w==",
			"dev": true,
			"optional": true
		},
		"esbuild-openbsd-64": {
			"version": "0.13.15",
			"resolved": "https://registry.npmjs.org/esbuild-openbsd-64/-/esbuild-openbsd-64-0.13.15.tgz",
			"integrity": "sha512-wTfvtwYJYAFL1fSs8yHIdf5GEE4NkbtbXtjLWjM3Cw8mmQKqsg8kTiqJ9NJQe5NX/5Qlo7Xd9r1yKMMkHllp5g==",
			"dev": true,
			"optional": true
		},
		"esbuild-sunos-64": {
			"version": "0.13.15",
			"resolved": "https://registry.npmjs.org/esbuild-sunos-64/-/esbuild-sunos-64-0.13.15.tgz",
			"integrity": "sha512-lbivT9Bx3t1iWWrSnGyBP9ODriEvWDRiweAs69vI+miJoeKwHWOComSRukttbuzjZ8r1q0mQJ8Z7yUsDJ3hKdw==",
			"dev": true,
			"optional": true
		},
		"esbuild-windows-32": {
			"version": "0.13.15",
			"resolved": "https://registry.npmjs.org/esbuild-windows-32/-/esbuild-windows-32-0.13.15.tgz",
			"integrity": "sha512-fDMEf2g3SsJ599MBr50cY5ve5lP1wyVwTe6aLJsM01KtxyKkB4UT+fc5MXQFn3RLrAIAZOG+tHC+yXObpSn7Nw==",
			"dev": true,
			"optional": true
		},
		"esbuild-windows-64": {
			"version": "0.13.15",
			"resolved": "https://registry.npmjs.org/esbuild-windows-64/-/esbuild-windows-64-0.13.15.tgz",
			"integrity": "sha512-9aMsPRGDWCd3bGjUIKG/ZOJPKsiztlxl/Q3C1XDswO6eNX/Jtwu4M+jb6YDH9hRSUflQWX0XKAfWzgy5Wk54JQ==",
			"dev": true,
			"optional": true
		},
		"esbuild-windows-arm64": {
			"version": "0.13.15",
			"resolved": "https://registry.npmjs.org/esbuild-windows-arm64/-/esbuild-windows-arm64-0.13.15.tgz",
			"integrity": "sha512-zzvyCVVpbwQQATaf3IG8mu1IwGEiDxKkYUdA4FpoCHi1KtPa13jeScYDjlW0Qh+ebWzpKfR2ZwvqAQkSWNcKjA==",
			"dev": true,
			"optional": true
		},
		"escalade": {
			"version": "3.1.1",
			"resolved": "https://registry.npmjs.org/escalade/-/escalade-3.1.1.tgz",
			"integrity": "sha512-k0er2gUkLf8O0zKJiAhmkTnJlTvINGv7ygDNPbeIsX/TJjGJZHuh9B2UxbsaEkmlEo9MfhrSzmhIlhRlI2GXnw==",
			"dev": true
		},
		"eslint-config-prettier": {
			"version": "8.3.0",
			"dev": true
		},
		"eslint-plugin-svelte3": {
			"version": "3.2.1",
			"dev": true
		},
		"extend": {
			"version": "3.0.2",
			"resolved": "https://registry.npmjs.org/extend/-/extend-3.0.2.tgz",
			"integrity": "sha512-fjquC59cD7CyW6urNXK0FBufkZcoiGG80wTuPujX590cB5Ttln20E2UB4S/WARVqhXffZl2LNgS+gQdPIIim/g==",
			"dev": true
		},
		"extract-files": {
			"version": "9.0.0",
			"resolved": "https://registry.npmjs.org/extract-files/-/extract-files-9.0.0.tgz",
			"integrity": "sha512-CvdFfHkC95B4bBBk36hcEmvdR2awOdhhVUYH6S/zrVj3477zven/fJMYg7121h4T1xHZC+tetUpubpAhxwI7hQ==",
			"dev": true
		},
		"fathom-client": {
			"version": "3.2.0",
			"dev": true
		},
		"form-data": {
			"version": "3.0.1",
			"resolved": "https://registry.npmjs.org/form-data/-/form-data-3.0.1.tgz",
			"integrity": "sha512-RHkBKtLWUVwd7SqRIvCZMEvAMoGUp0XU+seQiZejj0COz3RI3hWP4sCv3gZWWLjJTd7rGwcsF5eKZGii0r/hbg==",
			"dev": true,
			"requires": {
				"asynckit": "^0.4.0",
				"combined-stream": "^1.0.8",
				"mime-types": "^2.1.12"
			}
		},
		"fraction.js": {
			"version": "4.1.2",
			"resolved": "https://registry.npmjs.org/fraction.js/-/fraction.js-4.1.2.tgz",
			"integrity": "sha512-o2RiJQ6DZaR/5+Si0qJUIy637QMRudSi9kU/FFzx9EZazrIdnBgpU+3sEWCxAVhH2RtxW2Oz+T4p2o8uOPVcgA==",
			"dev": true
		},
		"github-slugger": {
			"version": "1.4.0",
			"resolved": "https://registry.npmjs.org/github-slugger/-/github-slugger-1.4.0.tgz",
			"integrity": "sha512-w0dzqw/nt51xMVmlaV1+JRzN+oCa1KfcgGEWhxUG16wbdA+Xnt/yoFO8Z8x/V82ZcZ0wy6ln9QDup5avbhiDhQ==",
			"dev": true
		},
		"graphql-request": {
			"version": "3.7.0",
			"dev": true,
			"requires": {
				"cross-fetch": "^3.0.6",
				"extract-files": "^9.0.0",
				"form-data": "^3.0.0"
			}
		},
		"hast-util-has-property": {
			"version": "2.0.0",
			"resolved": "https://registry.npmjs.org/hast-util-has-property/-/hast-util-has-property-2.0.0.tgz",
			"integrity": "sha512-4Qf++8o5v14us4Muv3HRj+Er6wTNGA/N9uCaZMty4JWvyFKLdhULrv4KE1b65AthsSO9TXSZnjuxS8ecIyhb0w==",
			"dev": true
		},
		"hast-util-heading-rank": {
			"version": "2.1.0",
			"resolved": "https://registry.npmjs.org/hast-util-heading-rank/-/hast-util-heading-rank-2.1.0.tgz",
			"integrity": "sha512-w+Rw20Q/iWp2Bcnr6uTrYU6/ftZLbHKhvc8nM26VIWpDqDMlku2iXUVTeOlsdoih/UKQhY7PHQ+vZ0Aqq8bxtQ==",
			"dev": true,
			"requires": {
				"@types/hast": "^2.0.0"
			}
		},
		"hast-util-is-element": {
			"version": "2.1.2",
			"resolved": "https://registry.npmjs.org/hast-util-is-element/-/hast-util-is-element-2.1.2.tgz",
			"integrity": "sha512-thjnlGAnwP8ef/GSO1Q8BfVk2gundnc2peGQqEg2kUt/IqesiGg/5mSwN2fE7nLzy61pg88NG6xV+UrGOrx9EA==",
			"dev": true,
			"requires": {
				"@types/hast": "^2.0.0",
				"@types/unist": "^2.0.0"
			}
		},
		"hast-util-sanitize": {
			"version": "4.0.0",
			"resolved": "https://registry.npmjs.org/hast-util-sanitize/-/hast-util-sanitize-4.0.0.tgz",
			"integrity": "sha512-pw56+69jq+QSr/coADNvWTmBPDy+XsmwaF5KnUys4/wM1jt/fZdl7GPxhXXXYdXnz3Gj3qMkbUCH2uKjvX0MgQ==",
			"dev": true,
			"requires": {
				"@types/hast": "^2.0.0"
			}
		},
		"hast-util-to-html": {
			"version": "8.0.3",
			"resolved": "https://registry.npmjs.org/hast-util-to-html/-/hast-util-to-html-8.0.3.tgz",
			"integrity": "sha512-/D/E5ymdPYhHpPkuTHOUkSatxr4w1ZKrZsG0Zv/3C2SRVT0JFJG53VS45AMrBtYk0wp5A7ksEhiC8QaOZM95+A==",
			"dev": true,
			"requires": {
				"@types/hast": "^2.0.0",
				"ccount": "^2.0.0",
				"comma-separated-tokens": "^2.0.0",
				"hast-util-is-element": "^2.0.0",
				"hast-util-whitespace": "^2.0.0",
				"html-void-elements": "^2.0.0",
				"property-information": "^6.0.0",
				"space-separated-tokens": "^2.0.0",
				"stringify-entities": "^4.0.2",
				"unist-util-is": "^5.0.0"
			}
		},
		"hast-util-to-string": {
			"version": "2.0.0",
			"resolved": "https://registry.npmjs.org/hast-util-to-string/-/hast-util-to-string-2.0.0.tgz",
			"integrity": "sha512-02AQ3vLhuH3FisaMM+i/9sm4OXGSq1UhOOCpTLLQtHdL3tZt7qil69r8M8iDkZYyC0HCFylcYoP+8IO7ddta1A==",
			"dev": true,
			"requires": {
				"@types/hast": "^2.0.0"
			}
		},
		"hast-util-whitespace": {
			"version": "2.0.0",
			"resolved": "https://registry.npmjs.org/hast-util-whitespace/-/hast-util-whitespace-2.0.0.tgz",
			"integrity": "sha512-Pkw+xBHuV6xFeJprJe2BBEoDV+AvQySaz3pPDRUs5PNZEMQjpXJJueqrpcHIXxnWTcAGi/UOCgVShlkY6kLoqg==",
			"dev": true
		},
		"html-void-elements": {
			"version": "2.0.1",
			"resolved": "https://registry.npmjs.org/html-void-elements/-/html-void-elements-2.0.1.tgz",
			"integrity": "sha512-0quDb7s97CfemeJAnW9wC0hw78MtW7NU3hqtCD75g2vFlDLt36llsYD7uB7SUzojLMP24N5IatXf7ylGXiGG9A==",
			"dev": true
		},
		"htmlparser2": {
			"version": "3.10.1",
			"resolved": "https://registry.npmjs.org/htmlparser2/-/htmlparser2-3.10.1.tgz",
			"integrity": "sha512-IgieNijUMbkDovyoKObU1DUhm1iwNYE/fuifEoEHfd1oZKZDaONBSkal7Y01shxsM49R4XaMdGez3WnF9UfiCQ==",
			"dev": true,
			"requires": {
				"domelementtype": "^1.3.1",
				"domhandler": "^2.3.0",
				"domutils": "^1.5.1",
				"entities": "^1.1.1",
				"inherits": "^2.0.1",
				"readable-stream": "^3.1.1"
			},
			"dependencies": {
				"dom-serializer": {
					"version": "0.2.2",
					"resolved": "https://registry.npmjs.org/dom-serializer/-/dom-serializer-0.2.2.tgz",
					"integrity": "sha512-2/xPb3ORsQ42nHYiSunXkDjPLBaEj/xTwUO4B7XCZQTRk7EBtTOPaygh10YAAh2OI1Qrp6NWfpAhzswj0ydt9g==",
					"dev": true,
					"requires": {
						"domelementtype": "^2.0.1",
						"entities": "^2.0.0"
					},
					"dependencies": {
						"domelementtype": {
							"version": "2.2.0",
							"resolved": "https://registry.npmjs.org/domelementtype/-/domelementtype-2.2.0.tgz",
							"integrity": "sha512-DtBMo82pv1dFtUmHyr48beiuq792Sxohr+8Hm9zoxklYPfa6n0Z3Byjj2IV7bmr2IyqClnqEQhfgHJJ5QF0R5A==",
							"dev": true
						},
						"entities": {
							"version": "2.2.0",
							"resolved": "https://registry.npmjs.org/entities/-/entities-2.2.0.tgz",
							"integrity": "sha512-p92if5Nz619I0w+akJrLZH0MX0Pb5DX39XOwQTtXSdQQOaYH03S1uIQp4mhOZtAXrxq4ViO67YTiLBo2638o9A==",
							"dev": true
						}
					}
				},
				"domelementtype": {
					"version": "1.3.1",
					"resolved": "https://registry.npmjs.org/domelementtype/-/domelementtype-1.3.1.tgz",
					"integrity": "sha512-BSKB+TSpMpFI/HOxCNr1O8aMOTZ8hT3pM3GQ0w/mWRmkhEDSFJkkyzz4XQsBV44BChwGkrDfMyjVD0eA2aFV3w==",
					"dev": true
				},
				"domhandler": {
					"version": "2.4.2",
					"resolved": "https://registry.npmjs.org/domhandler/-/domhandler-2.4.2.tgz",
					"integrity": "sha512-JiK04h0Ht5u/80fdLMCEmV4zkNh2BcoMFBmZ/91WtYZ8qVXSKjiw7fXMgFPnHcSZgOo3XdinHvmnDUeMf5R4wA==",
					"dev": true,
					"requires": {
						"domelementtype": "1"
					}
				},
				"domutils": {
					"version": "1.7.0",
					"resolved": "https://registry.npmjs.org/domutils/-/domutils-1.7.0.tgz",
					"integrity": "sha512-Lgd2XcJ/NjEw+7tFvfKxOzCYKZsdct5lczQ2ZaQY8Djz7pfAD3Gbp8ySJWtreII/vDlMVmxwa6pHmdxIYgttDg==",
					"dev": true,
					"requires": {
						"dom-serializer": "0",
						"domelementtype": "1"
					}
				},
				"entities": {
					"version": "1.1.2",
					"resolved": "https://registry.npmjs.org/entities/-/entities-1.1.2.tgz",
					"integrity": "sha512-f2LZMYl1Fzu7YSBKg+RoROelpOaNrcGmE9AZubeDfrCEia483oW4MI4VyFd5VNHIgQ/7qm1I0wUHK1eJnn2y2w==",
					"dev": true
				}
			}
		},
		"import-cwd": {
			"version": "3.0.0",
			"resolved": "https://registry.npmjs.org/import-cwd/-/import-cwd-3.0.0.tgz",
			"integrity": "sha512-4pnzH16plW+hgvRECbDWpQl3cqtvSofHWh44met7ESfZ8UZOWWddm8hEyDTqREJ9RbYHY8gi8DqmaelApoOGMg==",
			"dev": true,
			"requires": {
				"import-from": "^3.0.0"
			}
		},
		"import-from": {
			"version": "3.0.0",
			"resolved": "https://registry.npmjs.org/import-from/-/import-from-3.0.0.tgz",
			"integrity": "sha512-CiuXOFFSzkU5x/CR0+z7T91Iht4CXgfCxVOFRhh2Zyhg5wOpWvvDLQUsWl+gcN+QscYBjez8hDCt85O7RLDttQ==",
			"dev": true,
			"requires": {
				"resolve-from": "^5.0.0"
			},
			"dependencies": {
				"resolve-from": {
					"version": "5.0.0",
					"resolved": "https://registry.npmjs.org/resolve-from/-/resolve-from-5.0.0.tgz",
					"integrity": "sha512-qYg9KP24dD5qka9J47d0aVky0N+b4fTU89LN9iDnjB5waksiC49rvMB0PrUJQGoTmH50XPiqOvAjDfaijGxYZw==",
					"dev": true
				}
			}
		},
		"inherits": {
			"version": "2.0.4",
			"resolved": "https://registry.npmjs.org/inherits/-/inherits-2.0.4.tgz",
			"integrity": "sha512-k/vGaX4/Yla3WzyMCvTQOXYeIHvqOKtnqBduzTHpzpQZzAskKMhZ2K+EnBiSM9zGSoIFeMpXKxa4dYeZIQqewQ==",
			"dev": true
		},
		"is-absolute-url": {
			"version": "4.0.1",
			"resolved": "https://registry.npmjs.org/is-absolute-url/-/is-absolute-url-4.0.1.tgz",
			"integrity": "sha512-/51/TKE88Lmm7Gc4/8btclNXWS+g50wXhYJq8HWIBAGUBnoAdRu1aXeh364t/O7wXDAcTJDP8PNuNKWUDWie+A==",
			"dev": true
		},
		"is-buffer": {
			"version": "2.0.5",
			"resolved": "https://registry.npmjs.org/is-buffer/-/is-buffer-2.0.5.tgz",
			"integrity": "sha512-i2R6zNFDwgEHJyQUtJEk0XFi1i0dPFn/oqjK3/vPCcDeJvW5NQ83V8QbicfF1SupOaB0h8ntgBC2YiE7dfyctQ==",
			"dev": true
		},
		"is-plain-obj": {
			"version": "4.0.0",
			"resolved": "https://registry.npmjs.org/is-plain-obj/-/is-plain-obj-4.0.0.tgz",
			"integrity": "sha512-NXRbBtUdBioI73y/HmOhogw/U5msYPC9DAtGkJXeFcFWSFZw0mCUsPxk/snTuJHzNKA8kLBK4rH97RMB1BfCXw==",
			"dev": true
		},
		"isexe": {
			"version": "2.0.0",
			"resolved": "https://registry.npmjs.org/isexe/-/isexe-2.0.0.tgz",
			"integrity": "sha1-6PvzdNxVb/iUehDcsFctYz8s+hA=",
			"dev": true
		},
		"just-camel-case": {
			"version": "4.0.2",
			"resolved": "https://registry.npmjs.org/just-camel-case/-/just-camel-case-4.0.2.tgz",
			"integrity": "sha512-df6QI/EIq+6uHe/wtaa9Qq7/pp4wr4pJC/r1+7XhVL6m5j03G6h9u9/rIZr8rDASX7CxwDPQnZjffCo2e6PRLw==",
			"dev": true
		},
		"lilconfig": {
			"version": "2.0.4",
			"resolved": "https://registry.npmjs.org/lilconfig/-/lilconfig-2.0.4.tgz",
			"integrity": "sha512-bfTIN7lEsiooCocSISTWXkiWJkRqtL9wYtYy+8EK3Y41qh3mpwPU0ycTOgjdY9ErwXCc8QyrQp82bdL0Xkm9yA==",
			"dev": true
		},
		"lodash.assignin": {
			"version": "4.2.0",
			"resolved": "https://registry.npmjs.org/lodash.assignin/-/lodash.assignin-4.2.0.tgz",
			"integrity": "sha1-uo31+4QesKPoBEIysOJjqNxqKKI=",
			"dev": true
		},
		"lodash.bind": {
			"version": "4.2.1",
			"resolved": "https://registry.npmjs.org/lodash.bind/-/lodash.bind-4.2.1.tgz",
			"integrity": "sha1-euMBfpOWIqwxt9fX3LGzTbFpDTU=",
			"dev": true
		},
		"lodash.defaults": {
			"version": "4.2.0",
			"resolved": "https://registry.npmjs.org/lodash.defaults/-/lodash.defaults-4.2.0.tgz",
			"integrity": "sha1-0JF4cW/+pN3p5ft7N/bwgCJ0WAw=",
			"dev": true
		},
		"lodash.filter": {
			"version": "4.6.0",
			"resolved": "https://registry.npmjs.org/lodash.filter/-/lodash.filter-4.6.0.tgz",
			"integrity": "sha1-ZosdSYFgOuHMWm+nYBQ+SAtMSs4=",
			"dev": true
		},
		"lodash.flatten": {
			"version": "4.4.0",
			"resolved": "https://registry.npmjs.org/lodash.flatten/-/lodash.flatten-4.4.0.tgz",
			"integrity": "sha1-8xwiIlqWMtK7+OSt2+8kCqdlph8=",
			"dev": true
		},
		"lodash.foreach": {
			"version": "4.5.0",
			"resolved": "https://registry.npmjs.org/lodash.foreach/-/lodash.foreach-4.5.0.tgz",
			"integrity": "sha1-Gmo16s5AEoDH8G3d7DUWWrJ+PlM=",
			"dev": true
		},
		"lodash.map": {
			"version": "4.6.0",
			"resolved": "https://registry.npmjs.org/lodash.map/-/lodash.map-4.6.0.tgz",
			"integrity": "sha1-dx7Hg540c9nEzeKLGTlMNWL09tM=",
			"dev": true
		},
		"lodash.merge": {
			"version": "4.6.2",
			"resolved": "https://registry.npmjs.org/lodash.merge/-/lodash.merge-4.6.2.tgz",
			"integrity": "sha512-0KpjqXRVvrYyCsX1swR/XTK0va6VQkQM6MNo7PqW77ByjAhoARA8EfrP1N4+KlKj8YS0ZUCtRT/YUuhyYDujIQ==",
			"dev": true
		},
		"lodash.pick": {
			"version": "4.4.0",
			"resolved": "https://registry.npmjs.org/lodash.pick/-/lodash.pick-4.4.0.tgz",
			"integrity": "sha1-UvBWEP/53tQiYRRB7R/BI6AwAbM=",
			"dev": true
		},
		"lodash.reduce": {
			"version": "4.6.0",
			"resolved": "https://registry.npmjs.org/lodash.reduce/-/lodash.reduce-4.6.0.tgz",
			"integrity": "sha1-8atrg5KZrUj3hKu/R2WW8DuRTTs=",
			"dev": true
		},
		"lodash.reject": {
			"version": "4.6.0",
			"resolved": "https://registry.npmjs.org/lodash.reject/-/lodash.reject-4.6.0.tgz",
			"integrity": "sha1-gNZJLcFHCGS79YNTO2UfQqn1JBU=",
			"dev": true
		},
		"lodash.some": {
			"version": "4.6.0",
			"resolved": "https://registry.npmjs.org/lodash.some/-/lodash.some-4.6.0.tgz",
			"integrity": "sha1-G7nzFO9ri63tE7VJFpsqlF62jk0=",
			"dev": true
		},
		"mdast-util-definitions": {
			"version": "5.1.0",
			"resolved": "https://registry.npmjs.org/mdast-util-definitions/-/mdast-util-definitions-5.1.0.tgz",
			"integrity": "sha512-5hcR7FL2EuZ4q6lLMUK5w4lHT2H3vqL9quPvYZ/Ku5iifrirfMHiGdhxdXMUbUkDmz5I+TYMd7nbaxUhbQkfpQ==",
			"dev": true,
			"requires": {
				"@types/mdast": "^3.0.0",
				"@types/unist": "^2.0.0",
				"unist-util-visit": "^3.0.0"
			},
			"dependencies": {
				"unist-util-visit": {
					"version": "3.1.0",
					"resolved": "https://registry.npmjs.org/unist-util-visit/-/unist-util-visit-3.1.0.tgz",
					"integrity": "sha512-Szoh+R/Ll68QWAyQyZZpQzZQm2UPbxibDvaY8Xc9SUtYgPsDzx5AWSk++UUt2hJuow8mvwR+rG+LQLw+KsuAKA==",
					"dev": true,
					"requires": {
						"@types/unist": "^2.0.0",
						"unist-util-is": "^5.0.0",
						"unist-util-visit-parents": "^4.0.0"
					}
				}
			}
		},
		"mdast-util-to-hast": {
			"version": "11.3.0",
			"resolved": "https://registry.npmjs.org/mdast-util-to-hast/-/mdast-util-to-hast-11.3.0.tgz",
			"integrity": "sha512-4o3Cli3hXPmm1LhB+6rqhfsIUBjnKFlIUZvudaermXB+4/KONdd/W4saWWkC+LBLbPMqhFSSTSRgafHsT5fVJw==",
			"dev": true,
			"requires": {
				"@types/hast": "^2.0.0",
				"@types/mdast": "^3.0.0",
				"@types/mdurl": "^1.0.0",
				"mdast-util-definitions": "^5.0.0",
				"mdurl": "^1.0.0",
				"unist-builder": "^3.0.0",
				"unist-util-generated": "^2.0.0",
				"unist-util-position": "^4.0.0",
				"unist-util-visit": "^4.0.0"
			}
		},
		"mdsvex": {
			"version": "0.9.8",
			"dev": true,
			"requires": {
				"@types/unist": "^2.0.3",
				"prism-svelte": "^0.4.7",
				"prismjs": "^1.17.1",
				"vfile-message": "^2.0.4"
			}
		},
		"mdsvex-relative-images": {
			"version": "1.0.1",
			"dev": true,
			"requires": {
				"just-camel-case": "^4.0.2",
				"unist-util-visit": "^3.1.0"
			},
			"dependencies": {
				"unist-util-visit": {
					"version": "3.1.0",
					"resolved": "https://registry.npmjs.org/unist-util-visit/-/unist-util-visit-3.1.0.tgz",
					"integrity": "sha512-Szoh+R/Ll68QWAyQyZZpQzZQm2UPbxibDvaY8Xc9SUtYgPsDzx5AWSk++UUt2hJuow8mvwR+rG+LQLw+KsuAKA==",
					"dev": true,
					"requires": {
						"@types/unist": "^2.0.0",
						"unist-util-is": "^5.0.0",
						"unist-util-visit-parents": "^4.0.0"
					}
				}
			}
		},
		"mdurl": {
			"version": "1.0.1",
			"resolved": "https://registry.npmjs.org/mdurl/-/mdurl-1.0.1.tgz",
			"integrity": "sha1-/oWy7HWlkDfyrf7BAP1sYBdhFS4=",
			"dev": true
		},
		"mime-db": {
			"version": "1.51.0",
			"resolved": "https://registry.npmjs.org/mime-db/-/mime-db-1.51.0.tgz",
			"integrity": "sha512-5y8A56jg7XVQx2mbv1lu49NR4dokRnhZYTtL+KGfaa27uq4pSTXkwQkFJl4pkRMyNFz/EtYDSkiiEHx3F7UN6g==",
			"dev": true
		},
		"mime-types": {
			"version": "2.1.34",
			"dev": true,
			"requires": {
				"mime-db": "1.51.0"
			}
		},
		"node-fetch": {
			"version": "2.6.1",
			"resolved": "https://registry.npmjs.org/node-fetch/-/node-fetch-2.6.1.tgz",
			"integrity": "sha512-V4aYg89jEoVRxRb2fJdAg8FHvI7cEyYdVAh94HH0UIK8oJxUfkjlDQN9RbMx+bEjP7+ggMiFRprSti032Oipxw==",
			"dev": true
		},
		"node-releases": {
			"version": "2.0.1",
			"resolved": "https://registry.npmjs.org/node-releases/-/node-releases-2.0.1.tgz",
			"integrity": "sha512-CqyzN6z7Q6aMeF/ktcMVTzhAHCEpf8SOarwpzpf8pNBY2k5/oM34UHldUwp8VKI7uxct2HxSRdJjBaZeESzcxA==",
			"dev": true
		},
		"normalize-range": {
			"version": "0.1.2",
			"resolved": "https://registry.npmjs.org/normalize-range/-/normalize-range-0.1.2.tgz",
			"integrity": "sha1-LRDAa9/TEuqXd2laTShDlFa3WUI=",
			"dev": true
		},
		"path-key": {
			"version": "3.1.1",
			"resolved": "https://registry.npmjs.org/path-key/-/path-key-3.1.1.tgz",
			"integrity": "sha512-ojmeN0qd+y0jszEtoY48r0Peq5dwMEkIlCOu6Q5f41lfkswXuKtYrhgoTpLnyIcHm24Uhqx+5Tqm2InSwLhE6Q==",
			"dev": true
		},
		"picocolors": {
			"version": "1.0.0",
			"resolved": "https://registry.npmjs.org/picocolors/-/picocolors-1.0.0.tgz",
			"integrity": "sha512-1fygroTLlHu66zi26VoTDv8yRgm0Fccecssto+MhsZ0D/DGW2sm8E8AjW7NU5VVTRt5GxbeZ5qBuJr+HyLYkjQ==",
			"dev": true
		},
		"postcss-load-config": {
			"version": "3.1.0",
			"dev": true,
			"requires": {
				"import-cwd": "^3.0.0",
				"lilconfig": "^2.0.3",
				"yaml": "^1.10.2"
			}
		},
		"postcss-value-parser": {
			"version": "4.2.0",
			"resolved": "https://registry.npmjs.org/postcss-value-parser/-/postcss-value-parser-4.2.0.tgz",
			"integrity": "sha512-1NNCs6uurfkVbeXG4S8JFT9t19m45ICnif8zWLd5oPSZ50QnwMfK+H3jv408d4jw/7Bttv5axS5IiHoLaVNHeQ==",
			"dev": true
		},
		"prettier": {
			"version": "2.5.1",
			"dev": true
		},
		"prism-svelte": {
			"version": "0.4.7",
			"resolved": "https://registry.npmjs.org/prism-svelte/-/prism-svelte-0.4.7.tgz",
			"integrity": "sha512-yABh19CYbM24V7aS7TuPYRNMqthxwbvx6FF/Rw920YbyBWO3tnyPIqRMgHuSVsLmuHkkBS1Akyof463FVdkeDQ==",
			"dev": true
		},
		"prismjs": {
			"version": "1.25.0",
			"resolved": "https://registry.npmjs.org/prismjs/-/prismjs-1.25.0.tgz",
			"integrity": "sha512-WCjJHl1KEWbnkQom1+SzftbtXMKQoezOCYs5rECqMN+jP+apI7ftoflyqigqzopSO3hMhTEb0mFClA8lkolgEg==",
			"dev": true
		},
		"property-information": {
			"version": "6.1.1",
			"resolved": "https://registry.npmjs.org/property-information/-/property-information-6.1.1.tgz",
			"integrity": "sha512-hrzC564QIl0r0vy4l6MvRLhafmUowhO/O3KgVSoXIbbA2Sz4j8HGpJc6T2cubRVwMwpdiG/vKGfhT4IixmKN9w==",
			"dev": true
		},
		"readable-stream": {
			"version": "3.6.0",
			"resolved": "https://registry.npmjs.org/readable-stream/-/readable-stream-3.6.0.tgz",
			"integrity": "sha512-BViHy7LKeTz4oNnkcLJ+lVSL6vpiFeX6/d3oSH8zCW7UxP2onchk+vTGB143xuFjHS3deTgkKoXXymXqymiIdA==",
			"dev": true,
			"requires": {
				"inherits": "^2.0.3",
				"string_decoder": "^1.1.1",
				"util-deprecate": "^1.0.1"
			}
		},
		"reading-time": {
			"version": "1.5.0",
			"resolved": "https://registry.npmjs.org/reading-time/-/reading-time-1.5.0.tgz",
			"integrity": "sha512-onYyVhBNr4CmAxFsKS7bz+uTLRakypIe4R+5A824vBSkQy/hB3fZepoVEf8OVAxzLvK+H/jm9TzpI3ETSm64Kg==",
			"dev": true
		},
		"rehype-autolink-headings": {
			"version": "6.1.0",
			"dev": true,
			"requires": {
				"@types/hast": "^2.0.0",
				"extend": "^3.0.0",
				"hast-util-has-property": "^2.0.0",
				"hast-util-heading-rank": "^2.0.0",
				"hast-util-is-element": "^2.0.0",
				"unified": "^10.0.0",
				"unist-util-visit": "^4.0.0"
			}
		},
		"rehype-slug": {
			"version": "5.0.0",
			"dev": true,
			"requires": {
				"@types/hast": "^2.0.0",
				"github-slugger": "^1.1.1",
				"hast-util-has-property": "^2.0.0",
				"hast-util-heading-rank": "^2.0.0",
				"hast-util-to-string": "^2.0.0",
				"unified": "^10.0.0",
				"unist-util-visit": "^4.0.0"
			}
		},
		"remark-external-links": {
			"version": "9.0.1",
			"dev": true,
			"requires": {
				"@types/hast": "^2.3.2",
				"@types/mdast": "^3.0.0",
				"extend": "^3.0.0",
				"is-absolute-url": "^4.0.0",
				"mdast-util-definitions": "^5.0.0",
				"space-separated-tokens": "^2.0.0",
				"unified": "^10.0.0",
				"unist-util-visit": "^4.0.0"
			}
		},
		"remark-preview": {
			"version": "1.0.2",
			"dev": true,
			"requires": {
				"hast-util-sanitize": "^4.0.0",
				"hast-util-to-html": "^8.0.0",
				"mdast-util-to-hast": "^11.1.1",
				"truncate-html": "^1.0.4",
				"unist-util-visit": "^3.1.0",
				"unist-util-visit-parents": "^4.1.1"
			},
			"dependencies": {
				"unist-util-visit": {
					"version": "3.1.0",
					"resolved": "https://registry.npmjs.org/unist-util-visit/-/unist-util-visit-3.1.0.tgz",
					"integrity": "sha512-Szoh+R/Ll68QWAyQyZZpQzZQm2UPbxibDvaY8Xc9SUtYgPsDzx5AWSk++UUt2hJuow8mvwR+rG+LQLw+KsuAKA==",
					"dev": true,
					"requires": {
						"@types/unist": "^2.0.0",
						"unist-util-is": "^5.0.0",
						"unist-util-visit-parents": "^4.0.0"
					}
				}
			}
		},
		"remark-reading-time": {
			"version": "1.0.1",
			"dev": true,
			"requires": {
				"reading-time": "^1.3.0",
				"unist-util-visit": "^3.1.0"
			},
			"dependencies": {
				"unist-util-visit": {
					"version": "3.1.0",
					"resolved": "https://registry.npmjs.org/unist-util-visit/-/unist-util-visit-3.1.0.tgz",
					"integrity": "sha512-Szoh+R/Ll68QWAyQyZZpQzZQm2UPbxibDvaY8Xc9SUtYgPsDzx5AWSk++UUt2hJuow8mvwR+rG+LQLw+KsuAKA==",
					"dev": true,
					"requires": {
						"@types/unist": "^2.0.0",
						"unist-util-is": "^5.0.0",
						"unist-util-visit-parents": "^4.0.0"
					}
				}
			}
		},
		"safe-buffer": {
			"version": "5.2.1",
			"resolved": "https://registry.npmjs.org/safe-buffer/-/safe-buffer-5.2.1.tgz",
			"integrity": "sha512-rp3So07KcdmmKbGvgaNxQSJr7bGVSVk5S9Eq1F+ppbRo70+YeaDxkw5Dd8NPN+GD6bjnYm2VuPuCXmpuYvmCXQ==",
			"dev": true
		},
		"shebang-command": {
			"version": "2.0.0",
			"resolved": "https://registry.npmjs.org/shebang-command/-/shebang-command-2.0.0.tgz",
			"integrity": "sha512-kHxr2zZpYtdmrN1qDjrrX/Z1rR1kG8Dx+gkpK1G4eXmvXswmcE1hTWBWYUzlraYw1/yZp6YuDY77YtvbN0dmDA==",
			"dev": true,
			"requires": {
				"shebang-regex": "^3.0.0"
			}
		},
		"shebang-regex": {
			"version": "3.0.0",
			"resolved": "https://registry.npmjs.org/shebang-regex/-/shebang-regex-3.0.0.tgz",
			"integrity": "sha512-7++dFhtcx3353uBaq8DDR4NuxBetBzC7ZQOhmTQInHEd6bSrXdiEyzCvG07Z44UYdLShWUyXt5M/yhz8ekcb1A==",
			"dev": true
		},
		"space-separated-tokens": {
			"version": "2.0.1",
			"resolved": "https://registry.npmjs.org/space-separated-tokens/-/space-separated-tokens-2.0.1.tgz",
			"integrity": "sha512-ekwEbFp5aqSPKaqeY1PGrlGQxPNaq+Cnx4+bE2D8sciBQrHpbwoBbawqTN2+6jPs9IdWxxiUcN0K2pkczD3zmw==",
			"dev": true
		},
		"string_decoder": {
			"version": "1.3.0",
			"resolved": "https://registry.npmjs.org/string_decoder/-/string_decoder-1.3.0.tgz",
			"integrity": "sha512-hkRX8U1WjJFd8LsDJ2yQ/wWWxaopEsABU1XfkM8A+j0+85JAGppt16cr1Whg6KIbb4okU6Mql6BOj+uup/wKeA==",
			"dev": true,
			"requires": {
				"safe-buffer": "~5.2.0"
			}
		},
		"stringify-entities": {
			"version": "4.0.2",
			"resolved": "https://registry.npmjs.org/stringify-entities/-/stringify-entities-4.0.2.tgz",
			"integrity": "sha512-MTxTVcEkorNtBbNpoFJPEh0kKdM6+QbMjLbaxmvaPMmayOXdr/AIVIIJX7FReUVweRBFJfZepK4A4AKgwuFpMQ==",
			"dev": true,
			"requires": {
				"character-entities-html4": "^2.0.0",
				"character-entities-legacy": "^3.0.0"
			}
		},
		"svelte": {
			"version": "3.44.2",
			"dev": true
		},
		"svelte-lazy": {
			"version": "1.0.12",
			"dev": true
		},
		"svelte-scrollto": {
			"version": "0.2.0",
			"dev": true,
			"requires": {
				"svelte": "3.x"
			}
		},
		"theme-change": {
			"version": "2.0.2",
			"dev": true
		},
		"trough": {
			"version": "2.0.2",
			"resolved": "https://registry.npmjs.org/trough/-/trough-2.0.2.tgz",
			"integrity": "sha512-FnHq5sTMxC0sk957wHDzRnemFnNBvt/gSY99HzK8F7UP5WAbvP70yX5bd7CjEQkN+TjdxwI7g7lJ6podqrG2/w==",
			"dev": true
		},
		"truncate-html": {
			"version": "1.0.4",
			"resolved": "https://registry.npmjs.org/truncate-html/-/truncate-html-1.0.4.tgz",
			"integrity": "sha512-FpDAlPzpJ3jlZiNEahRs584FS3jOSQafgj4cC9DmAYPct6uMZDLY625+eErRd43G35vGDrNq3i7b4aYUQ/Bxqw==",
			"dev": true,
			"requires": {
				"@types/cheerio": "^0.22.8",
				"cheerio": "0.22.0"
			}
		},
		"unified": {
			"version": "10.1.1",
			"resolved": "https://registry.npmjs.org/unified/-/unified-10.1.1.tgz",
			"integrity": "sha512-v4ky1+6BN9X3pQrOdkFIPWAaeDsHPE1svRDxq7YpTc2plkIqFMwukfqM+l0ewpP9EfwARlt9pPFAeWYhHm8X9w==",
			"dev": true,
			"requires": {
				"@types/unist": "^2.0.0",
				"bail": "^2.0.0",
				"extend": "^3.0.0",
				"is-buffer": "^2.0.0",
				"is-plain-obj": "^4.0.0",
				"trough": "^2.0.0",
				"vfile": "^5.0.0"
			}
		},
		"unist-builder": {
			"version": "3.0.0",
			"resolved": "https://registry.npmjs.org/unist-builder/-/unist-builder-3.0.0.tgz",
			"integrity": "sha512-GFxmfEAa0vi9i5sd0R2kcrI9ks0r82NasRq5QHh2ysGngrc6GiqD5CDf1FjPenY4vApmFASBIIlk/jj5J5YbmQ==",
			"dev": true,
			"requires": {
				"@types/unist": "^2.0.0"
			}
		},
		"unist-util-generated": {
			"version": "2.0.0",
			"resolved": "https://registry.npmjs.org/unist-util-generated/-/unist-util-generated-2.0.0.tgz",
			"integrity": "sha512-TiWE6DVtVe7Ye2QxOVW9kqybs6cZexNwTwSMVgkfjEReqy/xwGpAXb99OxktoWwmL+Z+Epb0Dn8/GNDYP1wnUw==",
			"dev": true
		},
		"unist-util-is": {
			"version": "5.1.1",
			"resolved": "https://registry.npmjs.org/unist-util-is/-/unist-util-is-5.1.1.tgz",
			"integrity": "sha512-F5CZ68eYzuSvJjGhCLPL3cYx45IxkqXSetCcRgUXtbcm50X2L9oOWQlfUfDdAf+6Pd27YDblBfdtmsThXmwpbQ==",
			"dev": true
		},
		"unist-util-position": {
			"version": "4.0.1",
			"resolved": "https://registry.npmjs.org/unist-util-position/-/unist-util-position-4.0.1.tgz",
			"integrity": "sha512-mgy/zI9fQ2HlbOtTdr2w9lhVaiFUHWQnZrFF2EUoVOqtAUdzqMtNiD99qA5a1IcjWVR8O6aVYE9u7Z2z1v0SQA==",
			"dev": true
		},
		"unist-util-stringify-position": {
			"version": "2.0.3",
			"resolved": "https://registry.npmjs.org/unist-util-stringify-position/-/unist-util-stringify-position-2.0.3.tgz",
			"integrity": "sha512-3faScn5I+hy9VleOq/qNbAd6pAx7iH5jYBMS9I1HgQVijz/4mv5Bvw5iw1sC/90CODiKo81G/ps8AJrISn687g==",
			"dev": true,
			"requires": {
				"@types/unist": "^2.0.2"
			}
		},
		"unist-util-visit": {
			"version": "4.1.0",
			"dev": true,
			"requires": {
				"@types/unist": "^2.0.0",
				"unist-util-is": "^5.0.0",
				"unist-util-visit-parents": "^5.0.0"
			},
			"dependencies": {
				"unist-util-visit-parents": {
					"version": "5.1.0",
					"resolved": "https://registry.npmjs.org/unist-util-visit-parents/-/unist-util-visit-parents-5.1.0.tgz",
					"integrity": "sha512-y+QVLcY5eR/YVpqDsLf/xh9R3Q2Y4HxkZTp7ViLDU6WtJCEcPmRzW1gpdWDCDIqIlhuPDXOgttqPlykrHYDekg==",
					"dev": true,
					"requires": {
						"@types/unist": "^2.0.0",
						"unist-util-is": "^5.0.0"
					}
				}
			}
		},
		"unist-util-visit-parents": {
			"version": "4.1.1",
			"resolved": "https://registry.npmjs.org/unist-util-visit-parents/-/unist-util-visit-parents-4.1.1.tgz",
			"integrity": "sha512-1xAFJXAKpnnJl8G7K5KgU7FY55y3GcLIXqkzUj5QF/QVP7biUm0K0O2oqVkYsdjzJKifYeWn9+o6piAK2hGSHw==",
			"dev": true,
			"requires": {
				"@types/unist": "^2.0.0",
				"unist-util-is": "^5.0.0"
			}
		},
		"util-deprecate": {
			"version": "1.0.2",
			"resolved": "https://registry.npmjs.org/util-deprecate/-/util-deprecate-1.0.2.tgz",
			"integrity": "sha1-RQ1Nyfpw3nMnYvvS1KKJgUGaDM8=",
			"dev": true
		},
		"vfile": {
			"version": "5.2.1",
			"resolved": "https://registry.npmjs.org/vfile/-/vfile-5.2.1.tgz",
			"integrity": "sha512-vXW5XKbELM6mLj88kmkJ+gjFGZ/2gTmpdqPDjs3y+qbvI5i7md7rba/+pbYEawa7t22W7ynywPV6lUUAS1WiYg==",
			"dev": true,
			"requires": {
				"@types/unist": "^2.0.0",
				"is-buffer": "^2.0.0",
				"unist-util-stringify-position": "^3.0.0",
				"vfile-message": "^3.0.0"
			},
			"dependencies": {
				"unist-util-stringify-position": {
					"version": "3.0.0",
					"resolved": "https://registry.npmjs.org/unist-util-stringify-position/-/unist-util-stringify-position-3.0.0.tgz",
					"integrity": "sha512-SdfAl8fsDclywZpfMDTVDxA2V7LjtRDTOFd44wUJamgl6OlVngsqWjxvermMYf60elWHbxhuRCZml7AnuXCaSA==",
					"dev": true,
					"requires": {
						"@types/unist": "^2.0.0"
					}
				},
				"vfile-message": {
					"version": "3.1.0",
					"resolved": "https://registry.npmjs.org/vfile-message/-/vfile-message-3.1.0.tgz",
					"integrity": "sha512-4QJbBk+DkPEhBXq3f260xSaWtjE4gPKOfulzfMFF8ZNwaPZieWsg3iVlcmF04+eebzpcpeXOOFMfrYzJHVYg+g==",
					"dev": true,
					"requires": {
						"@types/unist": "^2.0.0",
						"unist-util-stringify-position": "^3.0.0"
					}
				}
			}
		},
		"vfile-message": {
			"version": "2.0.4",
			"resolved": "https://registry.npmjs.org/vfile-message/-/vfile-message-2.0.4.tgz",
			"integrity": "sha512-DjssxRGkMvifUOJre00juHoP9DPWuzjxKuMDrhNbk2TdaYYBNMStsNhEOt3idrtI12VQYM/1+iM0KOzXi4pxwQ==",
			"dev": true,
			"requires": {
				"@types/unist": "^2.0.0",
				"unist-util-stringify-position": "^2.0.0"
			}
		},
		"which": {
			"version": "2.0.2",
			"resolved": "https://registry.npmjs.org/which/-/which-2.0.2.tgz",
			"integrity": "sha512-BLI3Tl1TW3Pvl70l3yq3Y64i+awpwXqsGBYWkkqMtnbXgrMD+yj7rhW0kuEDxzJaYXGjEW5ogapKNMEKNMjibA==",
			"dev": true,
			"requires": {
				"isexe": "^2.0.0"
			}
		},
		"yaml": {
			"version": "1.10.2",
			"resolved": "https://registry.npmjs.org/yaml/-/yaml-1.10.2.tgz",
			"integrity": "sha512-r3vXyErRCYJ7wg28yvBY5VSoAF8ZvlcW9/BwUzEtUsjvX/DKs24dIkuwjtuprwJJHsbyUbLApepYTR1BN4uHrg==",
			"dev": true
		}
	}
}
